
Microsoft Visual Studio Solution File, Format Version 12.00
# Visual Studio Version 16
VisualStudioVersion = 16.0.31005.135
MinimumVisualStudioVersion = 10.0.40219.1
Project("{9A19103F-16F7-4668-BE54-9A1E7A4F7556}") = "Teste", "Teste\Teste.csproj", "{B166EBE9-B84F-49CC-8FCC-3AF7A54443FD}"
EndProject
Project("{9A19103F-16F7-4668-BE54-9A1E7A4F7556}") = "Submodulo", "teste_sdubmodule_item\Submodulo\Submodulo.csproj", "{FF553355-6521-4015-980C-E81DDBB9F596}"
EndProject
Global
	GlobalSection(SolutionConfigurationPlatforms) = preSolution
		Debug|Any CPU = Debug|Any CPU
		Release|Any CPU = Release|Any CPU
	EndGlobalSection
	GlobalSection(ProjectConfigurationPlatforms) = postSolution
		{B166EBE9-B84F-49CC-8FCC-3AF7A54443FD}.Debug|Any CPU.ActiveCfg = Debug|Any CPU
		{B166EBE9-B84F-49CC-8FCC-3AF7A54443FD}.Debug|Any CPU.Build.0 = Debug|Any CPU
		{B166EBE9-B84F-49CC-8FCC-3AF7A54443FD}.Release|Any CPU.ActiveCfg = Release|Any CPU
		{B166EBE9-B84F-49CC-8FCC-3AF7A54443FD}.Release|Any CPU.Build.0 = Release|Any CPU
		{FF553355-6521-4015-980C-E81DDBB9F596}.Debug|Any CPU.ActiveCfg = Debug|Any CPU
		{FF553355-6521-4015-980C-E81DDBB9F596}.Debug|Any CPU.Build.0 = Debug|Any CPU
		{FF553355-6521-4015-980C-E81DDBB9F596}.Release|Any CPU.ActiveCfg = Release|Any CPU
		{FF553355-6521-4015-980C-E81DDBB9F596}.Release|Any CPU.Build.0 = Release|Any CPU
	EndGlobalSection
	GlobalSection(SolutionProperties) = preSolution
		HideSolutionNode = FALSE
	EndGlobalSection
	GlobalSection(ExtensibilityGlobals) = postSolution
		SolutionGuid = {27EBA6B6-CA09-46B1-80F4-91583B2D05BA}
	EndGlobalSection
EndGlobal
